
Microsoft Visual Studio Solution File, Format Version 12.00
# Visual Studio Version 17
VisualStudioVersion = 17.5.002.0
MinimumVisualStudioVersion = 10.0.40219.1
Project("{9A19103F-16F7-4668-BE54-9A1E7A4F7556}") = "task_manager_c_sharp", "task_manager_c_sharp.csproj", "{055AADDA-6F23-4E34-A92D-6CF4FBE6E286}"
EndProject
Global
	GlobalSection(SolutionConfigurationPlatforms) = preSolution
		Debug|Any CPU = Debug|Any CPU
		Release|Any CPU = Release|Any CPU
	EndGlobalSection
	GlobalSection(ProjectConfigurationPlatforms) = postSolution
		{055AADDA-6F23-4E34-A92D-6CF4FBE6E286}.Debug|Any CPU.ActiveCfg = Debug|Any CPU
		{055AADDA-6F23-4E34-A92D-6CF4FBE6E286}.Debug|Any CPU.Build.0 = Debug|Any CPU
		{055AADDA-6F23-4E34-A92D-6CF4FBE6E286}.Release|Any CPU.ActiveCfg = Release|Any CPU
		{055AADDA-6F23-4E34-A92D-6CF4FBE6E286}.Release|Any CPU.Build.0 = Release|Any CPU
	EndGlobalSection
	GlobalSection(SolutionProperties) = preSolution
		HideSolutionNode = FALSE
	EndGlobalSection
	GlobalSection(ExtensibilityGlobals) = postSolution
		SolutionGuid = {20EC4AE1-7C7F-4BF8-BB7D-A9B9A0F3B3A1}
	EndGlobalSection
EndGlobal
